
Microsoft Visual Studio Solution File, Format Version 12.00
# Visual Studio 15
VisualStudioVersion = 15.0.26730.16
MinimumVisualStudioVersion = 10.0.40219.1
Project("{2150E333-8FDC-42A3-9474-1A3956D46DE8}") = "src", "src", "{22993969-4930-4319-85AD-7C3909F76BE1}"
EndProject
Project("{9A19103F-16F7-4668-BE54-9A1E7A4F7556}") = "QLNS", "QLNS\QLNS\QLNS.csproj", "{C847D85A-90F4-4118-B258-F25F23F29D52}"
EndProject
Project("{9A19103F-16F7-4668-BE54-9A1E7A4F7556}") = "DAL", "QLNS\DAL\DAL.csproj", "{4C1F08E8-D571-4198-8A46-B8EE11CF32F3}"
EndProject
Global
	GlobalSection(SolutionConfigurationPlatforms) = preSolution
		Debug|Any CPU = Debug|Any CPU
		Release|Any CPU = Release|Any CPU
	EndGlobalSection
	GlobalSection(ProjectConfigurationPlatforms) = postSolution
		{C847D85A-90F4-4118-B258-F25F23F29D52}.Debug|Any CPU.ActiveCfg = Debug|Any CPU
		{C847D85A-90F4-4118-B258-F25F23F29D52}.Debug|Any CPU.Build.0 = Debug|Any CPU
		{C847D85A-90F4-4118-B258-F25F23F29D52}.Release|Any CPU.ActiveCfg = Release|Any CPU
		{C847D85A-90F4-4118-B258-F25F23F29D52}.Release|Any CPU.Build.0 = Release|Any CPU
		{4C1F08E8-D571-4198-8A46-B8EE11CF32F3}.Debug|Any CPU.ActiveCfg = Debug|Any CPU
		{4C1F08E8-D571-4198-8A46-B8EE11CF32F3}.Debug|Any CPU.Build.0 = Debug|Any CPU
		{4C1F08E8-D571-4198-8A46-B8EE11CF32F3}.Release|Any CPU.ActiveCfg = Release|Any CPU
		{4C1F08E8-D571-4198-8A46-B8EE11CF32F3}.Release|Any CPU.Build.0 = Release|Any CPU
	EndGlobalSection
	GlobalSection(SolutionProperties) = preSolution
		HideSolutionNode = FALSE
	EndGlobalSection
	GlobalSection(NestedProjects) = preSolution
		{C847D85A-90F4-4118-B258-F25F23F29D52} = {22993969-4930-4319-85AD-7C3909F76BE1}
		{4C1F08E8-D571-4198-8A46-B8EE11CF32F3} = {22993969-4930-4319-85AD-7C3909F76BE1}
	EndGlobalSection
	GlobalSection(ExtensibilityGlobals) = postSolution
		SolutionGuid = {89342AC8-1CFA-41D6-81B3-6D1DFA1F95E4}
	EndGlobalSection
EndGlobal
